
Microsoft Visual Studio Solution File, Format Version 12.00
# Visual Studio Version 16
VisualStudioVersion = 16.0.29709.97
MinimumVisualStudioVersion = 10.0.40219.1
Project("{9A19103F-16F7-4668-BE54-9A1E7A4F7556}") = "Inventory.UI", "..\Inventory.UI\Inventory.UI.csproj", "{192151AF-DD83-4788-9EF4-6FA5AEB3B646}"
EndProject
Project("{FAE04EC0-301F-11D3-BF4B-00C04F79EFBC}") = "Data", "Data\Data.csproj", "{7540F4A8-05E4-4ACB-BAAC-F122FEA8115C}"
EndProject
Global
	GlobalSection(SolutionConfigurationPlatforms) = preSolution
		Debug|Any CPU = Debug|Any CPU
		Release|Any CPU = Release|Any CPU
	EndGlobalSection
	GlobalSection(ProjectConfigurationPlatforms) = postSolution
		{192151AF-DD83-4788-9EF4-6FA5AEB3B646}.Debug|Any CPU.ActiveCfg = Debug|Any CPU
		{192151AF-DD83-4788-9EF4-6FA5AEB3B646}.Debug|Any CPU.Build.0 = Debug|Any CPU
		{192151AF-DD83-4788-9EF4-6FA5AEB3B646}.Release|Any CPU.ActiveCfg = Release|Any CPU
		{192151AF-DD83-4788-9EF4-6FA5AEB3B646}.Release|Any CPU.Build.0 = Release|Any CPU
		{7540F4A8-05E4-4ACB-BAAC-F122FEA8115C}.Debug|Any CPU.ActiveCfg = Debug|Any CPU
		{7540F4A8-05E4-4ACB-BAAC-F122FEA8115C}.Debug|Any CPU.Build.0 = Debug|Any CPU
		{7540F4A8-05E4-4ACB-BAAC-F122FEA8115C}.Release|Any CPU.ActiveCfg = Release|Any CPU
		{7540F4A8-05E4-4ACB-BAAC-F122FEA8115C}.Release|Any CPU.Build.0 = Release|Any CPU
	EndGlobalSection
	GlobalSection(SolutionProperties) = preSolution
		HideSolutionNode = FALSE
	EndGlobalSection
	GlobalSection(ExtensibilityGlobals) = postSolution
		SolutionGuid = {215EDCCF-B68E-4338-AC48-662D97B658BB}
	EndGlobalSection
EndGlobal
